
Microsoft Visual Studio Solution File, Format Version 12.00
# Visual Studio Version 16
VisualStudioVersion = 16.0.29609.76
MinimumVisualStudioVersion = 10.0.40219.1
Project("{FAE04EC0-301F-11D3-BF4B-00C04F79EFBC}") = "ExoWindowsForm", "ExoWindowsForm\ExoWindowsForm.csproj", "{515C840C-10F4-4876-99A0-9B4BC9985808}"
EndProject
Global
	GlobalSection(SolutionConfigurationPlatforms) = preSolution
		Debug|Any CPU = Debug|Any CPU
		Release|Any CPU = Release|Any CPU
	EndGlobalSection
	GlobalSection(ProjectConfigurationPlatforms) = postSolution
		{515C840C-10F4-4876-99A0-9B4BC9985808}.Debug|Any CPU.ActiveCfg = Debug|Any CPU
		{515C840C-10F4-4876-99A0-9B4BC9985808}.Debug|Any CPU.Build.0 = Debug|Any CPU
		{515C840C-10F4-4876-99A0-9B4BC9985808}.Release|Any CPU.ActiveCfg = Release|Any CPU
		{515C840C-10F4-4876-99A0-9B4BC9985808}.Release|Any CPU.Build.0 = Release|Any CPU
	EndGlobalSection
	GlobalSection(SolutionProperties) = preSolution
		HideSolutionNode = FALSE
	EndGlobalSection
	GlobalSection(ExtensibilityGlobals) = postSolution
		SolutionGuid = {CFBBBD61-2F28-4460-804D-3E7143F976B8}
	EndGlobalSection
EndGlobal
